hash: f4b98ebba3ae65d3112bd8ad1b3199d3ff3b26dbb8dd06b2e75a96ef09fc4306
updated: 2018-06-26T15:32:45.667011+08:00
imports:
- name: github.com/jinzhu/gorm
  version: 6ed508ec6a4ecb3531899a69cbc746ccf65a4166
  subpackages:
  - dialects/sqlite
- name: github.com/jinzhu/inflection
  version: 04140366298a54a039076d798123ffa108fff46c
- name: github.com/mattn/go-sqlite3
  version: 25ecb14adfc7543176f7d85291ec7dba82c6f7e4
testImports: []
